<?xml version="1.0" encoding="utf-8"?>
<Project ToolsVersion="4.0" xmlns="http://schemas.microsoft.com/developer/msbuild/2003">
  <ItemGroup>
    <Filter Include="Source Files">
      <UniqueIdentifier>{4FC737F1-C7A5-4376-A066-2A32D752A2FF}</UniqueIdentifier>
      <Extensions>cpp;c;cc;cxx;def;odl;idl;hpj;bat;asm;asmx</Extensions>
    </Filter>
    <Filter Include="Header Files">
      <UniqueIdentifier>{93995380-89BD-4b04-88EB-625FBE52EBFB}</UniqueIdentifier>
      <Extensions>h;hh;hpp;hxx;hm;inl;inc;xsd</Extensions>
    </Filter>
    <Filter Include="Resource Files">
      <UniqueIdentifier>{67DA6AB6-F800-4c08-8B7A-83BB121AAD01}</UniqueIdentifier>
      <Extensions>rc;ico;cur;bmp;dlg;rc2;rct;bin;rgs;gif;jpg;jpeg;jpe;resx;tiff;tif;png;wav</Extensions>
    </Filter>
  </ItemGroup>
  <ItemGroup>
    <ClCompile Include="deps\glad.c">
      <Filter>Source Files</Filter>
    </ClCompile>
    <ClCompile Include="examples\main.test.cpp">
      <Filter>Source Files</Filter>
    </ClCompile>
    <ClCompile Include="src\CollisionTree.cpp">
      <Filter>Source Files</Filter>
    </ClCompile>
    <ClCompile Include="src\Color.cpp">
      <Filter>Source Files</Filter>
    </ClCompile>
    <ClCompile Include="src\Component.cpp">
      <Filter>Source Files</Filter>
    </ClCompile>
    <ClCompile Include="src\Debug.cpp">
      <Filter>Source Files</Filter>
    </ClCompile>
    <ClCompile Include="src\DebugKeyHandler.cpp">
      <Filter>Source Files</Filter>
    </ClCompile>
    <ClCompile Include="src\Drawable.cpp">
      <Filter>Source Files</Filter>
    </ClCompile>
    <ClCompile Include="src\Entity.cpp">
      <Filter>Source Files</Filter>
    </ClCompile>
    <ClCompile Include="src\FileUtil.cpp">
      <Filter>Source Files</Filter>
    </ClCompile>
    <ClCompile Include="src\Game.cpp">
      <Filter>Source Files</Filter>
    </ClCompile>
    <ClCompile Include="src\GLHandlerImpl.cpp">
      <Filter>Source Files</Filter>
    </ClCompile>
    <ClCompile Include="src\Globals.cpp">
      <Filter>Source Files</Filter>
    </ClCompile>
    <ClCompile Include="src\GLRenderObject.cpp">
      <Filter>Source Files</Filter>
    </ClCompile>
    <ClCompile Include="src\Input.cpp">
      <Filter>Source Files</Filter>
    </ClCompile>
    <ClCompile Include="src\MultiShape.cpp">
      <Filter>Source Files</Filter>
    </ClCompile>
    <ClCompile Include="src\NullGLHandler.cpp">
      <Filter>Source Files</Filter>
    </ClCompile>
    <ClCompile Include="src\NullRenderer.cpp">
      <Filter>Source Files</Filter>
    </ClCompile>
    <ClCompile Include="src\NullWindow.cpp">
      <Filter>Source Files</Filter>
    </ClCompile>
    <ClCompile Include="src\Object.cpp">
      <Filter>Source Files</Filter>
    </ClCompile>
    <ClCompile Include="src\Point.cpp">
      <Filter>Source Files</Filter>
    </ClCompile>
    <ClCompile Include="src\Position.cpp">
      <Filter>Source Files</Filter>
    </ClCompile>
    <ClCompile Include="src\Quad.cpp">
      <Filter>Source Files</Filter>
    </ClCompile>
    <ClCompile Include="src\Rectangle.cpp">
      <Filter>Source Files</Filter>
    </ClCompile>
    <ClCompile Include="src\RenderPackage.cpp">
      <Filter>Source Files</Filter>
    </ClCompile>
    <ClCompile Include="src\Scene.cpp">
      <Filter>Source Files</Filter>
    </ClCompile>
    <ClCompile Include="src\ShaderHandler.cpp">
      <Filter>Source Files</Filter>
    </ClCompile>
    <ClCompile Include="src\Shape.cpp">
      <Filter>Source Files</Filter>
    </ClCompile>
    <ClCompile Include="src\ShapePair.cpp">
      <Filter>Source Files</Filter>
    </ClCompile>
    <ClCompile Include="src\SimpleCollision.cpp">
      <Filter>Source Files</Filter>
    </ClCompile>
    <ClCompile Include="src\Timer.cpp">
      <Filter>Source Files</Filter>
    </ClCompile>
    <ClCompile Include="src\Tree.cpp">
      <Filter>Source Files</Filter>
    </ClCompile>
    <ClCompile Include="src\Triangle.cpp">
      <Filter>Source Files</Filter>
    </ClCompile>
    <ClCompile Include="src\TriangleIsosceles.cpp">
      <Filter>Source Files</Filter>
    </ClCompile>
    <ClCompile Include="src\VertexGenerator.cpp">
      <Filter>Source Files</Filter>
    </ClCompile>
    <ClCompile Include="src\Window.cpp">
      <Filter>Source Files</Filter>
    </ClCompile>
    <ClCompile Include="tests\simple-glfw.cpp">
      <Filter>Source Files</Filter>
    </ClCompile>
    <ClCompile Include="src\Circle.cpp">
      <Filter>Source Files</Filter>
    </ClCompile>
    <ClCompile Include="src\Square.cpp">
      <Filter>Source Files</Filter>
    </ClCompile>
    <ClCompile Include="examples\main.cpp">
      <Filter>Source Files</Filter>
    </ClCompile>
  </ItemGroup>
  <ItemGroup>
    <ClInclude Include="deps\gl\glcorearb.h">
      <Filter>Header Files</Filter>
    </ClInclude>
    <ClInclude Include="deps\glad\glad.h">
      <Filter>Header Files</Filter>
    </ClInclude>
    <ClInclude Include="deps\khr\khrplatform.h">
      <Filter>Header Files</Filter>
    </ClInclude>
    <ClInclude Include="include\CollisionList.hpp">
      <Filter>Header Files</Filter>
    </ClInclude>
    <ClInclude Include="include\CollisionTree.hpp">
      <Filter>Header Files</Filter>
    </ClInclude>
    <ClInclude Include="include\Color.hpp">
      <Filter>Header Files</Filter>
    </ClInclude>
    <ClInclude Include="include\Component.hpp">
      <Filter>Header Files</Filter>
    </ClInclude>
    <ClInclude Include="include\Debug.hpp">
      <Filter>Header Files</Filter>
    </ClInclude>
    <ClInclude Include="include\DebugKeyHandler.hpp">
      <Filter>Header Files</Filter>
    </ClInclude>
    <ClInclude Include="include\Dirtyable.hpp">
      <Filter>Header Files</Filter>
    </ClInclude>
    <ClInclude Include="include\Drawable.hpp">
      <Filter>Header Files</Filter>
    </ClInclude>
    <ClInclude Include="include\Entity.hpp">
      <Filter>Header Files</Filter>
    </ClInclude>
    <ClInclude Include="include\FileUtil.hpp">
      <Filter>Header Files</Filter>
    </ClInclude>
    <ClInclude Include="include\Game.hpp">
      <Filter>Header Files</Filter>
    </ClInclude>
    <ClInclude Include="include\GLHandler.hpp">
      <Filter>Header Files</Filter>
    </ClInclude>
    <ClInclude Include="include\GLHandlerImpl.hpp">
      <Filter>Header Files</Filter>
    </ClInclude>
    <ClInclude Include="include\Globals.hpp">
      <Filter>Header Files</Filter>
    </ClInclude>
    <ClInclude Include="include\GLRenderObject.hpp">
      <Filter>Header Files</Filter>
    </ClInclude>
    <ClInclude Include="include\Input.hpp">
      <Filter>Header Files</Filter>
    </ClInclude>
    <ClInclude Include="include\IWindow.hpp">
      <Filter>Header Files</Filter>
    </ClInclude>
    <ClInclude Include="include\MultiShape.hpp">
      <Filter>Header Files</Filter>
    </ClInclude>
    <ClInclude Include="include\NullGLHandler.hpp">
      <Filter>Header Files</Filter>
    </ClInclude>
    <ClInclude Include="include\NullRenderer.hpp">
      <Filter>Header Files</Filter>
    </ClInclude>
    <ClInclude Include="include\NullWindow.hpp">
      <Filter>Header Files</Filter>
    </ClInclude>
    <ClInclude Include="include\Object.hpp">
      <Filter>Header Files</Filter>
    </ClInclude>
    <ClInclude Include="include\Point.hpp">
      <Filter>Header Files</Filter>
    </ClInclude>
    <ClInclude Include="include\Position.hpp">
      <Filter>Header Files</Filter>
    </ClInclude>
    <ClInclude Include="include\Quad.hpp">
      <Filter>Header Files</Filter>
    </ClInclude>
    <ClInclude Include="include\Rectangle.hpp">
      <Filter>Header Files</Filter>
    </ClInclude>
    <ClInclude Include="include\RenderPackage.hpp">
      <Filter>Header Files</Filter>
    </ClInclude>
    <ClInclude Include="include\Scene.hpp">
      <Filter>Header Files</Filter>
    </ClInclude>
    <ClInclude Include="include\ShaderHandler.hpp">
      <Filter>Header Files</Filter>
    </ClInclude>
    <ClInclude Include="include\Shape.hpp">
      <Filter>Header Files</Filter>
    </ClInclude>
    <ClInclude Include="include\shapegame.hpp">
      <Filter>Header Files</Filter>
    </ClInclude>
    <ClInclude Include="include\shapegl.hpp">
      <Filter>Header Files</Filter>
    </ClInclude>
    <ClInclude Include="include\ShapePair.hpp">
      <Filter>Header Files</Filter>
    </ClInclude>
    <ClInclude Include="include\SimpleCollision.hpp">
      <Filter>Header Files</Filter>
    </ClInclude>
    <ClInclude Include="include\Square.hpp">
      <Filter>Header Files</Filter>
    </ClInclude>
    <ClInclude Include="include\Timer.hpp">
      <Filter>Header Files</Filter>
    </ClInclude>
    <ClInclude Include="include\Tree.hpp">
      <Filter>Header Files</Filter>
    </ClInclude>
    <ClInclude Include="include\Triangle.hpp">
      <Filter>Header Files</Filter>
    </ClInclude>
    <ClInclude Include="include\TriangleIsosceles.hpp">
      <Filter>Header Files</Filter>
    </ClInclude>
    <ClInclude Include="include\VertexGenerator.hpp">
      <Filter>Header Files</Filter>
    </ClInclude>
    <ClInclude Include="include\Window.hpp">
      <Filter>Header Files</Filter>
    </ClInclude>
    <ClInclude Include="tests\include\catch.hpp">
      <Filter>Header Files</Filter>
    </ClInclude>
    <ClInclude Include="deps\GLFW\glfw3.h">
      <Filter>Header Files</Filter>
    </ClInclude>
    <ClInclude Include="deps\GLFW\glfw3native.h">
      <Filter>Header Files</Filter>
    </ClInclude>
    <ClInclude Include="include\Circle.hpp">
      <Filter>Header Files</Filter>
    </ClInclude>
    <ClInclude Include="include\RotationInfo.hpp">
      <Filter>Header Files</Filter>
    </ClInclude>
  </ItemGroup>
  <ItemGroup>
    <Library Include="dist-libs\platform\win\glfw3dll.lib" />
    <Library Include="dist-libs\platform\win\glfw3.lib" />
  </ItemGroup>
  <ItemGroup>
    <None Include="dist-libs\platform\win\glfw3.dll" />
  </ItemGroup>
</Project>